{
  "originHash" : "a41aebe9ff4daa704a4ff1a2fbfaff004ac2123ee6e7b02c67aff3b0f24ebfbd",
  "pins" : [
    {
      "identity" : "posthog-ios",
      "kind" : "remoteSourceControl",
      "location" : "https://github.com/PostHog/posthog-ios",
      "state" : {
        "revision" : "6d1186fe0471f76d9b87b83e96bcb8ff5db72732",
        "version" : "3.37.2"
      }
    },
    {
      "identity" : "sparkle",
      "kind" : "remoteSourceControl",
      "location" : "https://github.com/sparkle-project/Sparkle",
      "state" : {
        "revision" : "5581748cef2bae787496fe6d61139aebe0a451f6",
        "version" : "2.8.1"
      }
    }
  ],
  "version" : 3
}
